// !$*UTF8*$!
{
	archiveVersion = 1;
	classes = {
	};
	objectVersion = 50;
	objects = {

/* Begin PBXBuildFile section */
		5BC081FC258C2D5400E604C9 /* AppDelegate.swift in Sources */ = {isa = PBXBuildFile; fileRef = 5BC081FB258C2D5400E604C9 /* AppDelegate.swift */; };
		5BC081FE258C2D5400E604C9 /* SceneDelegate.swift in Sources */ = {isa = PBXBuildFile; fileRef = 5BC081FD258C2D5400E604C9 /* SceneDelegate.swift */; };
		5BC08200258C2D5400E604C9 /* ViewController.swift in Sources */ = {isa = PBXBuildFile; fileRef = 5BC081FF258C2D5400E604C9 /* ViewController.swift */; };
		5BC08203258C2D5400E604C9 /* Main.storyboard in Resources */ = {isa = PBXBuildFile; fileRef = 5BC08201258C2D5400E604C9 /* Main.storyboard */; };
		5BC08205258C2D5800E604C9 /* Assets.xcassets in Resources */ = {isa = PBXBuildFile; fileRef = 5BC08204258C2D5800E604C9 /* Assets.xcassets */; };
		5BC08208258C2D5800E604C9 /* LaunchScreen.storyboard in Resources */ = {isa = PBXBuildFile; fileRef = 5BC08206258C2D5800E604C9 /* LaunchScreen.storyboard */; };
		5BC08213258C2D5800E604C9 /* BluetoothCommunicatorTests.swift in Sources */ = {isa = PBXBuildFile; fileRef = 5BC08212258C2D5800E604C9 /* BluetoothCommunicatorTests.swift */; };
		5BC0821E258C2D5800E604C9 /* BluetoothCommunicatorUITests.swift in Sources */ = {isa = PBXBuildFile; fileRef = 5BC0821D258C2D5800E604C9 /* BluetoothCommunicatorUITests.swift */; };
/* End PBXBuildFile section */

/* Begin PBXContainerItemProxy section */
		5BC0820F258C2D5800E604C9 /* PBXContainerItemProxy */ = {
			isa = PBXContainerItemProxy;
			containerPortal = 5BC081F0258C2D5400E604C9 /* Project object */;
			proxyType = 1;
			remoteGlobalIDString = 5BC081F7258C2D5400E604C9;
			remoteInfo = BluetoothCommunicator;
		};
		5BC0821A258C2D5800E604C9 /* PBXContainerItemProxy */ = {
			isa = PBXContainerItemProxy;
			containerPortal = 5BC081F0258C2D5400E604C9 /* Project object */;
			proxyType = 1;
			remoteGlobalIDString = 5BC081F7258C2D5400E604C9;
			remoteInfo = BluetoothCommunicator;
		};
/* End PBXContainerItemProxy section */

/* Begin PBXFileReference section */
		5BC081F8258C2D5400E604C9 /* BluetoothCommunicator.app */ = {isa = PBXFileReference; explicitFileType = wrapper.application; includeInIndex = 0; path = BluetoothCommunicator.app; sourceTree = BUILT_PRODUCTS_DIR; };
		5BC081FB258C2D5400E604C9 /* AppDelegate.swift */ = {isa = PBXFileReference; lastKnownFileType = sourcecode.swift; path = AppDelegate.swift; sourceTree = "<group>"; };
		5BC081FD258C2D5400E604C9 /* SceneDelegate.swift */ = {isa = PBXFileReference; lastKnownFileType = sourcecode.swift; path = SceneDelegate.swift; sourceTree = "<group>"; };
		5BC081FF258C2D5400E604C9 /* ViewController.swift */ = {isa = PBXFileReference; lastKnownFileType = sourcecode.swift; path = ViewController.swift; sourceTree = "<group>"; };
		5BC08202258C2D5400E604C9 /* Base */ = {isa = PBXFileReference; lastKnownFileType = file.storyboard; name = Base; path = Base.lproj/Main.storyboard; sourceTree = "<group>"; };
		5BC08204258C2D5800E604C9 /* Assets.xcassets */ = {isa = PBXFileReference; lastKnownFileType = folder.assetcatalog; path = Assets.xcassets; sourceTree = "<group>"; };
		5BC08207258C2D5800E604C9 /* Base */ = {isa = PBXFileReference; lastKnownFileType = file.storyboard; name = Base; path = Base.lproj/LaunchScreen.storyboard; sourceTree = "<group>"; };
		5BC08209258C2D5800E604C9 /* Info.plist */ = {isa = PBXFileReference; lastKnownFileType = text.plist.xml; path = Info.plist; sourceTree = "<group>"; };
		5BC0820E258C2D5800E604C9 /* BluetoothCommunicatorTests.xctest */ = {isa = PBXFileReference; explicitFileType = wrapper.cfbundle; includeInIndex = 0; path = BluetoothCommunicatorTests.xctest; sourceTree = BUILT_PRODUCTS_DIR; };
		5BC08212258C2D5800E604C9 /* BluetoothCommunicatorTests.swift */ = {isa = PBXFileReference; lastKnownFileType = sourcecode.swift; path = BluetoothCommunicatorTests.swift; sourceTree = "<group>"; };
		5BC08214258C2D5800E604C9 /* Info.plist */ = {isa = PBXFileReference; lastKnownFileType = text.plist.xml; path = Info.plist; sourceTree = "<group>"; };
		5BC08219258C2D5800E604C9 /* BluetoothCommunicatorUITests.xctest */ = {isa = PBXFileReference; explicitFileType = wrapper.cfbundle; includeInIndex = 0; path = BluetoothCommunicatorUITests.xctest; sourceTree = BUILT_PRODUCTS_DIR; };
		5BC0821D258C2D5800E604C9 /* BluetoothCommunicatorUITests.swift */ = {isa = PBXFileReference; lastKnownFileType = sourcecode.swift; path = BluetoothCommunicatorUITests.swift; sourceTree = "<group>"; };
		5BC0821F258C2D5800E604C9 /* Info.plist */ = {isa = PBXFileReference; lastKnownFileType = text.plist.xml; path = Info.plist; sourceTree = "<group>"; };
/* End PBXFileReference section */

/* Begin PBXFrameworksBuildPhase section */
		5BC081F5258C2D5400E604C9 /* Frameworks */ = {
			isa = PBXFrameworksBuildPhase;
			buildActionMask = 2147483647;
			files = (
			);
			runOnlyForDeploymentPostprocessing = 0;
		};
		5BC0820B258C2D5800E604C9 /* Frameworks */ = {
			isa = PBXFrameworksBuildPhase;
			buildActionMask = 2147483647;
			files = (
			);
			runOnlyForDeploymentPostprocessing = 0;
		};
		5BC08216258C2D5800E604C9 /* Frameworks */ = {
			isa = PBXFrameworksBuildPhase;
			buildActionMask = 2147483647;
			files = (
			);
			runOnlyForDeploymentPostprocessing = 0;
		};
/* End PBXFrameworksBuildPhase section */

/* Begin PBXGroup section */
		5BC081EF258C2D5400E604C9 = {
			isa = PBXGroup;
			children = (
				5BC081FA258C2D5400E604C9 /* BluetoothCommunicator */,
				5BC08211258C2D5800E604C9 /* BluetoothCommunicatorTests */,
				5BC0821C258C2D5800E604C9 /* BluetoothCommunicatorUITests */,
				5BC081F9258C2D5400E604C9 /* Products */,
			);
			sourceTree = "<group>";
		};
		5BC081F9258C2D5400E604C9 /* Products */ = {
			isa = PBXGroup;
			children = (
				5BC081F8258C2D5400E604C9 /* BluetoothCommunicator.app */,
				5BC0820E258C2D5800E604C9 /* BluetoothCommunicatorTests.xctest */,
				5BC08219258C2D5800E604C9 /* BluetoothCommunicatorUITests.xctest */,
			);
			name = Products;
			sourceTree = "<group>";
		};
		5BC081FA258C2D5400E604C9 /* BluetoothCommunicator */ = {
			isa = PBXGroup;
			children = (
				5BC081FB258C2D5400E604C9 /* AppDelegate.swift */,
				5BC081FD258C2D5400E604C9 /* SceneDelegate.swift */,
				5BC081FF258C2D5400E604C9 /* ViewController.swift */,
				5BC08201258C2D5400E604C9 /* Main.storyboard */,
				5BC08204258C2D5800E604C9 /* Assets.xcassets */,
				5BC08206258C2D5800E604C9 /* LaunchScreen.storyboard */,
				5BC08209258C2D5800E604C9 /* Info.plist */,
			);
			path = BluetoothCommunicator;
			sourceTree = "<group>";
		};
		5BC08211258C2D5800E604C9 /* BluetoothCommunicatorTests */ = {
			isa = PBXGroup;
			children = (
				5BC08212258C2D5800E604C9 /* BluetoothCommunicatorTests.swift */,
				5BC08214258C2D5800E604C9 /* Info.plist */,
			);
			path = BluetoothCommunicatorTests;
			sourceTree = "<group>";
		};
		5BC0821C258C2D5800E604C9 /* BluetoothCommunicatorUITests */ = {
			isa = PBXGroup;
			children = (
				5BC0821D258C2D5800E604C9 /* BluetoothCommunicatorUITests.swift */,
				5BC0821F258C2D5800E604C9 /* Info.plist */,
			);
			path = BluetoothCommunicatorUITests;
			sourceTree = "<group>";
		};
/* End PBXGroup section */

/* Begin PBXNativeTarget section */
		5BC081F7258C2D5400E604C9 /* BluetoothCommunicator */ = {
			isa = PBXNativeTarget;
			buildConfigurationList = 5BC08222258C2D5800E604C9 /* Build configuration list for PBXNativeTarget "BluetoothCommunicator" */;
			buildPhases = (
				5BC081F4258C2D5400E604C9 /* Sources */,
				5BC081F5258C2D5400E604C9 /* Frameworks */,
				5BC081F6258C2D5400E604C9 /* Resources */,
			);
			buildRules = (
			);
			dependencies = (
			);
			name = BluetoothCommunicator;
			productName = BluetoothCommunicator;
			productReference = 5BC081F8258C2D5400E604C9 /* BluetoothCommunicator.app */;
			productType = "com.apple.product-type.application";
		};
		5BC0820D258C2D5800E604C9 /* BluetoothCommunicatorTests */ = {
			isa = PBXNativeTarget;
			buildConfigurationList = 5BC08225258C2D5800E604C9 /* Build configuration list for PBXNativeTarget "BluetoothCommunicatorTests" */;
			buildPhases = (
				5BC0820A258C2D5800E604C9 /* Sources */,
				5BC0820B258C2D5800E604C9 /* Frameworks */,
				5BC0820C258C2D5800E604C9 /* Resources */,
			);
			buildRules = (
			);
			dependencies = (
				5BC08210258C2D5800E604C9 /* PBXTargetDependency */,
			);
			name = BluetoothCommunicatorTests;
			productName = BluetoothCommunicatorTests;
			productReference = 5BC0820E258C2D5800E604C9 /* BluetoothCommunicatorTests.xctest */;
			productType = "com.apple.product-type.bundle.unit-test";
		};
		5BC08218258C2D5800E604C9 /* BluetoothCommunicatorUITests */ = {
			isa = PBXNativeTarget;
			buildConfigurationList = 5BC08228258C2D5800E604C9 /* Build configuration list for PBXNativeTarget "BluetoothCommunicatorUITests" */;
			buildPhases = (
				5BC08215258C2D5800E604C9 /* Sources */,
				5BC08216258C2D5800E604C9 /* Frameworks */,
				5BC08217258C2D5800E604C9 /* Resources */,
			);
			buildRules = (
			);
			dependencies = (
				5BC0821B258C2D5800E604C9 /* PBXTargetDependency */,
			);
			name = BluetoothCommunicatorUITests;
			productName = BluetoothCommunicatorUITests;
			productReference = 5BC08219258C2D5800E604C9 /* BluetoothCommunicatorUITests.xctest */;
			productType = "com.apple.product-type.bundle.ui-testing";
		};
/* End PBXNativeTarget section */

/* Begin PBXProject section */
		5BC081F0258C2D5400E604C9 /* Project object */ = {
			isa = PBXProject;
			attributes = {
				LastSwiftUpdateCheck = 1230;
				LastUpgradeCheck = 1230;
				TargetAttributes = {
					5BC081F7258C2D5400E604C9 = {
						CreatedOnToolsVersion = 12.3;
					};
					5BC0820D258C2D5800E604C9 = {
						CreatedOnToolsVersion = 12.3;
						TestTargetID = 5BC081F7258C2D5400E604C9;
					};
					5BC08218258C2D5800E604C9 = {
						CreatedOnToolsVersion = 12.3;
						TestTargetID = 5BC081F7258C2D5400E604C9;
					};
				};
			};
			buildConfigurationList = 5BC081F3258C2D5400E604C9 /* Build configuration list for PBXProject "BluetoothCommunicator" */;
			compatibilityVersion = "Xcode 9.3";
			developmentRegion = en;
			hasScannedForEncodings = 0;
			knownRegions = (
				en,
				Base,
			);
			mainGroup = 5BC081EF258C2D5400E604C9;
			productRefGroup = 5BC081F9258C2D5400E604C9 /* Products */;
			projectDirPath = "";
			projectRoot = "";
			targets = (
				5BC081F7258C2D5400E604C9 /* BluetoothCommunicator */,
				5BC0820D258C2D5800E604C9 /* BluetoothCommunicatorTests */,
				5BC08218258C2D5800E604C9 /* BluetoothCommunicatorUITests */,
			);
		};
/* End PBXProject section */

/* Begin PBXResourcesBuildPhase section */
		5BC081F6258C2D5400E604C9 /* Resources */ = {
			isa = PBXResourcesBuildPhase;
			buildActionMask = 2147483647;
			files = (
				5BC08208258C2D5800E604C9 /* LaunchScreen.storyboard in Resources */,
				5BC08205258C2D5800E604C9 /* Assets.xcassets in Resources */,
				5BC08203258C2D5400E604C9 /* Main.storyboard in Resources */,
			);
			runOnlyForDeploymentPostprocessing = 0;
		};
		5BC0820C258C2D5800E604C9 /* Resources */ = {
			isa = PBXResourcesBuildPhase;
			buildActionMask = 2147483647;
			files = (
			);
			runOnlyForDeploymentPostprocessing = 0;
		};
		5BC08217258C2D5800E604C9 /* Resources */ = {
			isa = PBXResourcesBuildPhase;
			buildActionMask = 2147483647;
			files = (
			);
			runOnlyForDeploymentPostprocessing = 0;
		};
/* End PBXResourcesBuildPhase section */

/* Begin PBXSourcesBuildPhase section */
		5BC081F4258C2D5400E604C9 /* Sources */ = {
			isa = PBXSourcesBuildPhase;
			buildActionMask = 2147483647;
			files = (
				5BC08200258C2D5400E604C9 /* ViewController.swift in Sources */,
				5BC081FC258C2D5400E604C9 /* AppDelegate.swift in Sources */,
				5BC081FE258C2D5400E604C9 /* SceneDelegate.swift in Sources */,
			);
			runOnlyForDeploymentPostprocessing = 0;
		};
		5BC0820A258C2D5800E604C9 /* Sources */ = {
			isa = PBXSourcesBuildPhase;
			buildActionMask = 2147483647;
			files = (
				5BC08213258C2D5800E604C9 /* BluetoothCommunicatorTests.swift in Sources */,
			);
			runOnlyForDeploymentPostprocessing = 0;
		};
		5BC08215258C2D5800E604C9 /* Sources */ = {
			isa = PBXSourcesBuildPhase;
			buildActionMask = 2147483647;
			files = (
				5BC0821E258C2D5800E604C9 /* BluetoothCommunicatorUITests.swift in Sources */,
			);
			runOnlyForDeploymentPostprocessing = 0;
		};
/* End PBXSourcesBuildPhase section */

/* Begin PBXTargetDependency section */
		5BC08210258C2D5800E604C9 /* PBXTargetDependency */ = {
			isa = PBXTargetDependency;
			target = 5BC081F7258C2D5400E604C9 /* BluetoothCommunicator */;
			targetProxy = 5BC0820F258C2D5800E604C9 /* PBXContainerItemProxy */;
		};
		5BC0821B258C2D5800E604C9 /* PBXTargetDependency */ = {
			isa = PBXTargetDependency;
			target = 5BC081F7258C2D5400E604C9 /* BluetoothCommunicator */;
			targetProxy = 5BC0821A258C2D5800E604C9 /* PBXContainerItemProxy */;
		};
/* End PBXTargetDependency section */

/* Begin PBXVariantGroup section */
		5BC08201258C2D5400E604C9 /* Main.storyboard */ = {
			isa = PBXVariantGroup;
			children = (
				5BC08202258C2D5400E604C9 /* Base */,
			);
			name = Main.storyboard;
			sourceTree = "<group>";
		};
		5BC08206258C2D5800E604C9 /* LaunchScreen.storyboard */ = {
			isa = PBXVariantGroup;
			children = (
				5BC08207258C2D5800E604C9 /* Base */,
			);
			name = LaunchScreen.storyboard;
			sourceTree = "<group>";
		};
/* End PBXVariantGroup section */

/* Begin XCBuildConfiguration section */
		5BC08220258C2D5800E604C9 /* Debug */ = {
			isa = XCBuildConfiguration;
			buildSettings = {
				ALWAYS_SEARCH_USER_PATHS = NO;
				CLANG_ANALYZER_NONNULL = YES;
				CLANG_ANALYZER_NUMBER_OBJECT_CONVERSION = YES_AGGRESSIVE;
				CLANG_CXX_LANGUAGE_STANDARD = "gnu++14";
				CLANG_CXX_LIBRARY = "libc++";
				CLANG_ENABLE_MODULES = YES;
				CLANG_ENABLE_OBJC_ARC = YES;
				CLANG_ENABLE_OBJC_WEAK = YES;
				CLANG_WARN_BLOCK_CAPTURE_AUTORELEASING = YES;
				CLANG_WARN_BOOL_CONVERSION = YES;
				CLANG_WARN_COMMA = YES;
				CLANG_WARN_CONSTANT_CONVERSION = YES;
				CLANG_WARN_DEPRECATED_OBJC_IMPLEMENTATIONS = YES;
				CLANG_WARN_DIRECT_OBJC_ISA_USAGE = YES_ERROR;
				CLANG_WARN_DOCUMENTATION_COMMENTS = YES;
				CLANG_WARN_EMPTY_BODY = YES;
				CLANG_WARN_ENUM_CONVERSION = YES;
				CLANG_WARN_INFINITE_RECURSION = YES;
				CLANG_WARN_INT_CONVERSION = YES;
				CLANG_WARN_NON_LITERAL_NULL_CONVERSION = YES;
				CLANG_WARN_OBJC_IMPLICIT_RETAIN_SELF = YES;
				CLANG_WARN_OBJC_LITERAL_CONVERSION = YES;
				CLANG_WARN_OBJC_ROOT_CLASS = YES_ERROR;
				CLANG_WARN_QUOTED_INCLUDE_IN_FRAMEWORK_HEADER = YES;
				CLANG_WARN_RANGE_LOOP_ANALYSIS = YES;
				CLANG_WARN_STRICT_PROTOTYPES = YES;
				CLANG_WARN_SUSPICIOUS_MOVE = YES;
				CLANG_WARN_UNGUARDED_AVAILABILITY = YES_AGGRESSIVE;
				CLANG_WARN_UNREACHABLE_CODE = YES;
				CLANG_WARN__DUPLICATE_METHOD_MATCH = YES;
				COPY_PHASE_STRIP = NO;
				DEBUG_INFORMATION_FORMAT = dwarf;
				ENABLE_STRICT_OBJC_MSGSEND = YES;
				ENABLE_TESTABILITY = YES;
				GCC_C_LANGUAGE_STANDARD = gnu11;
				GCC_DYNAMIC_NO_PIC = NO;
				GCC_NO_COMMON_BLOCKS = YES;
				GCC_OPTIMIZATION_LEVEL = 0;
				GCC_PREPROCESSOR_DEFINITIONS = (
					"DEBUG=1",
					"$(inherited)",
				);
				GCC_WARN_64_TO_32_BIT_CONVERSION = YES;
				GCC_WARN_ABOUT_RETURN_TYPE = YES_ERROR;
				GCC_WARN_UNDECLARED_SELECTOR = YES;
				GCC_WARN_UNINITIALIZED_AUTOS = YES_AGGRESSIVE;
				GCC_WARN_UNUSED_FUNCTION = YES;
				GCC_WARN_UNUSED_VARIABLE = YES;
				IPHONEOS_DEPLOYMENT_TARGET = 14.3;
				MTL_ENABLE_DEBUG_INFO = INCLUDE_SOURCE;
				MTL_FAST_MATH = YES;
				ONLY_ACTIVE_ARCH = YES;
				SDKROOT = iphoneos;
				SWIFT_ACTIVE_COMPILATION_CONDITIONS = DEBUG;
				SWIFT_OPTIMIZATION_LEVEL = "-Onone";
			};
			name = Debug;
		};
		5BC08221258C2D5800E604C9 /* Release */ = {
			isa = XCBuildConfiguration;
			buildSettings = {
				ALWAYS_SEARCH_USER_PATHS = NO;
				CLANG_ANALYZER_NONNULL = YES;
				CLANG_ANALYZER_NUMBER_OBJECT_CONVERSION = YES_AGGRESSIVE;
				CLANG_CXX_LANGUAGE_STANDARD = "gnu++14";
				CLANG_CXX_LIBRARY = "libc++";
				CLANG_ENABLE_MODULES = YES;
				CLANG_ENABLE_OBJC_ARC = YES;
				CLANG_ENABLE_OBJC_WEAK = YES;
				CLANG_WARN_BLOCK_CAPTURE_AUTORELEASING = YES;
				CLANG_WARN_BOOL_CONVERSION = YES;
				CLANG_WARN_COMMA = YES;
				CLANG_WARN_CONSTANT_CONVERSION = YES;
				CLANG_WARN_DEPRECATED_OBJC_IMPLEMENTATIONS = YES;
				CLANG_WARN_DIRECT_OBJC_ISA_USAGE = YES_ERROR;
				CLANG_WARN_DOCUMENTATION_COMMENTS = YES;
				CLANG_WARN_EMPTY_BODY = YES;
				CLANG_WARN_ENUM_CONVERSION = YES;
				CLANG_WARN_INFINITE_RECURSION = YES;
				CLANG_WARN_INT_CONVERSION = YES;
				CLANG_WARN_NON_LITERAL_NULL_CONVERSION = YES;
				CLANG_WARN_OBJC_IMPLICIT_RETAIN_SELF = YES;
				CLANG_WARN_OBJC_LITERAL_CONVERSION = YES;
				CLANG_WARN_OBJC_ROOT_CLASS = YES_ERROR;
				CLANG_WARN_QUOTED_INCLUDE_IN_FRAMEWORK_HEADER = YES;
				CLANG_WARN_RANGE_LOOP_ANALYSIS = YES;
				CLANG_WARN_STRICT_PROTOTYPES = YES;
				CLANG_WARN_SUSPICIOUS_MOVE = YES;
				CLANG_WARN_UNGUARDED_AVAILABILITY = YES_AGGRESSIVE;
				CLANG_WARN_UNREACHABLE_CODE = YES;
				CLANG_WARN__DUPLICATE_METHOD_MATCH = YES;
				COPY_PHASE_STRIP = NO;
				DEBUG_INFORMATION_FORMAT = "dwarf-with-dsym";
				ENABLE_NS_ASSERTIONS = NO;
				ENABLE_STRICT_OBJC_MSGSEND = YES;
				GCC_C_LANGUAGE_STANDARD = gnu11;
				GCC_NO_COMMON_BLOCKS = YES;
				GCC_WARN_64_TO_32_BIT_CONVERSION = YES;
				GCC_WARN_ABOUT_RETURN_TYPE = YES_ERROR;
				GCC_WARN_UNDECLARED_SELECTOR = YES;
				GCC_WARN_UNINITIALIZED_AUTOS = YES_AGGRESSIVE;
				GCC_WARN_UNUSED_FUNCTION = YES;
				GCC_WARN_UNUSED_VARIABLE = YES;
				IPHONEOS_DEPLOYMENT_TARGET = 14.3;
				MTL_ENABLE_DEBUG_INFO = NO;
				MTL_FAST_MATH = YES;
				SDKROOT = iphoneos;
				SWIFT_COMPILATION_MODE = wholemodule;
				SWIFT_OPTIMIZATION_LEVEL = "-O";
				VALIDATE_PRODUCT = YES;
			};
			name = Release;
		};
		5BC08223258C2D5800E604C9 /* Debug */ = {
			isa = XCBuildConfiguration;
			buildSettings = {
				ASSETCATALOG_COMPILER_APPICON_NAME = AppIcon;
				ASSETCATALOG_COMPILER_GLOBAL_ACCENT_COLOR_NAME = AccentColor;
				CODE_SIGN_STYLE = Automatic;
				DEVELOPMENT_TEAM = J6QU4CTJD7;
				INFOPLIST_FILE = BluetoothCommunicator/Info.plist;
				LD_RUNPATH_SEARCH_PATHS = (
					"$(inherited)",
					"@executable_path/Frameworks",
				);
				PRODUCT_BUNDLE_IDENTIFIER = com.pixycoders.BluetoothCommunicator;
				PRODUCT_NAME = "$(TARGET_NAME)";
				SWIFT_VERSION = 5.0;
				TARGETED_DEVICE_FAMILY = "1,2";
			};
			name = Debug;
		};
		5BC08224258C2D5800E604C9 /* Release */ = {
			isa = XCBuildConfiguration;
			buildSettings = {
				ASSETCATALOG_COMPILER_APPICON_NAME = AppIcon;
				ASSETCATALOG_COMPILER_GLOBAL_ACCENT_COLOR_NAME = AccentColor;
				CODE_SIGN_STYLE = Automatic;
				DEVELOPMENT_TEAM = J6QU4CTJD7;
				INFOPLIST_FILE = BluetoothCommunicator/Info.plist;
				LD_RUNPATH_SEARCH_PATHS = (
					"$(inherited)",
					"@executable_path/Frameworks",
				);
				PRODUCT_BUNDLE_IDENTIFIER = com.pixycoders.BluetoothCommunicator;
				PRODUCT_NAME = "$(TARGET_NAME)";
				SWIFT_VERSION = 5.0;
				TARGETED_DEVICE_FAMILY = "1,2";
			};
			name = Release;
		};
		5BC08226258C2D5800E604C9 /* Debug */ = {
			isa = XCBuildConfiguration;
			buildSettings = {
				ALWAYS_EMBED_SWIFT_STANDARD_LIBRARIES = YES;
				BUNDLE_LOADER = "$(TEST_HOST)";
				CODE_SIGN_STYLE = Automatic;
				DEVELOPMENT_TEAM = J6QU4CTJD7;
				INFOPLIST_FILE = BluetoothCommunicatorTests/Info.plist;
				IPHONEOS_DEPLOYMENT_TARGET = 14.3;
				LD_RUNPATH_SEARCH_PATHS = (
					"$(inherited)",
					"@executable_path/Frameworks",
					"@loader_path/Frameworks",
				);
				PRODUCT_BUNDLE_IDENTIFIER = com.pixycoders.BluetoothCommunicatorTests;
				PRODUCT_NAME = "$(TARGET_NAME)";
				SWIFT_VERSION = 5.0;
				TARGETED_DEVICE_FAMILY = "1,2";
				TEST_HOST = "$(BUILT_PRODUCTS_DIR)/BluetoothCommunicator.app/BluetoothCommunicator";
			};
			name = Debug;
		};
		5BC08227258C2D5800E604C9 /* Release */ = {
			isa = XCBuildConfiguration;
			buildSettings = {
				ALWAYS_EMBED_SWIFT_STANDARD_LIBRARIES = YES;
				BUNDLE_LOADER = "$(TEST_HOST)";
				CODE_SIGN_STYLE = Automatic;
				DEVELOPMENT_TEAM = J6QU4CTJD7;
				INFOPLIST_FILE = BluetoothCommunicatorTests/Info.plist;
				IPHONEOS_DEPLOYMENT_TARGET = 14.3;
				LD_RUNPATH_SEARCH_PATHS = (
					"$(inherited)",
					"@executable_path/Frameworks",
					"@loader_path/Frameworks",
				);
				PRODUCT_BUNDLE_IDENTIFIER = com.pixycoders.BluetoothCommunicatorTests;
				PRODUCT_NAME = "$(TARGET_NAME)";
				SWIFT_VERSION = 5.0;
				TARGETED_DEVICE_FAMILY = "1,2";
				TEST_HOST = "$(BUILT_PRODUCTS_DIR)/BluetoothCommunicator.app/BluetoothCommunicator";
			};
			name = Release;
		};
		5BC08229258C2D5800E604C9 /* Debug */ = {
			isa = XCBuildConfiguration;
			buildSettings = {
				ALWAYS_EMBED_SWIFT_STANDARD_LIBRARIES = YES;
				CODE_SIGN_STYLE = Automatic;
				DEVELOPMENT_TEAM = J6QU4CTJD7;
				INFOPLIST_FILE = BluetoothCommunicatorUITests/Info.plist;
				LD_RUNPATH_SEARCH_PATHS = (
					"$(inherited)",
					"@executable_path/Frameworks",
					"@loader_path/Frameworks",
				);
				PRODUCT_BUNDLE_IDENTIFIER = com.pixycoders.BluetoothCommunicatorUITests;
				PRODUCT_NAME = "$(TARGET_NAME)";
				SWIFT_VERSION = 5.0;
				TARGETED_DEVICE_FAMILY = "1,2";
				TEST_TARGET_NAME = BluetoothCommunicator;
			};
			name = Debug;
		};
		5BC0822A258C2D5800E604C9 /* Release */ = {
			isa = XCBuildConfiguration;
			buildSettings = {
				ALWAYS_EMBED_SWIFT_STANDARD_LIBRARIES = YES;
				CODE_SIGN_STYLE = Automatic;
				DEVELOPMENT_TEAM = J6QU4CTJD7;
				INFOPLIST_FILE = BluetoothCommunicatorUITests/Info.plist;
				LD_RUNPATH_SEARCH_PATHS = (
					"$(inherited)",
					"@executable_path/Frameworks",
					"@loader_path/Frameworks",
				);
				PRODUCT_BUNDLE_IDENTIFIER = com.pixycoders.BluetoothCommunicatorUITests;
				PRODUCT_NAME = "$(TARGET_NAME)";
				SWIFT_VERSION = 5.0;
				TARGETED_DEVICE_FAMILY = "1,2";
				TEST_TARGET_NAME = BluetoothCommunicator;
			};
			name = Release;
		};
/* End XCBuildConfiguration section */

/* Begin XCConfigurationList section */
		5BC081F3258C2D5400E604C9 /* Build configuration list for PBXProject "BluetoothCommunicator" */ = {
			isa = XCConfigurationList;
			buildConfigurations = (
				5BC08220258C2D5800E604C9 /* Debug */,
				5BC08221258C2D5800E604C9 /* Release */,
			);
			defaultConfigurationIsVisible = 0;
			defaultConfigurationName = Release;
		};
		5BC08222258C2D5800E604C9 /* Build configuration list for PBXNativeTarget "BluetoothCommunicator" */ = {
			isa = XCConfigurationList;
			buildConfigurations = (
				5BC08223258C2D5800E604C9 /* Debug */,
				5BC08224258C2D5800E604C9 /* Release */,
			);
			defaultConfigurationIsVisible = 0;
			defaultConfigurationName = Release;
		};
		5BC08225258C2D5800E604C9 /* Build configuration list for PBXNativeTarget "BluetoothCommunicatorTests" */ = {
			isa = XCConfigurationList;
			buildConfigurations = (
				5BC08226258C2D5800E604C9 /* Debug */,
				5BC08227258C2D5800E604C9 /* Release */,
			);
			defaultConfigurationIsVisible = 0;
			defaultConfigurationName = Release;
		};
		5BC08228258C2D5800E604C9 /* Build configuration list for PBXNativeTarget "BluetoothCommunicatorUITests" */ = {
			isa = XCConfigurationList;
			buildConfigurations = (
				5BC08229258C2D5800E604C9 /* Debug */,
				5BC0822A258C2D5800E604C9 /* Release */,
			);
			defaultConfigurationIsVisible = 0;
			defaultConfigurationName = Release;
		};
/* End XCConfigurationList section */
	};
	rootObject = 5BC081F0258C2D5400E604C9 /* Project object */;
}
